// !$*UTF8*$!
{
	archiveVersion = 1;
	classes = {
	};
	objectVersion = 50;
	objects = {

/* Begin PBXBuildFile section */
		3ACF4F2E2523323F00C6CDE5 /* AppDelegate.swift in Sources */ = {isa = PBXBuildFile; fileRef = 3ACF4F2D2523323F00C6CDE5 /* AppDelegate.swift */; };
		3ACF4F302523323F00C6CDE5 /* SceneDelegate.swift in Sources */ = {isa = PBXBuildFile; fileRef = 3ACF4F2F2523323F00C6CDE5 /* SceneDelegate.swift */; };
		3ACF4F322523323F00C6CDE5 /* ViewController.swift in Sources */ = {isa = PBXBuildFile; fileRef = 3ACF4F312523323F00C6CDE5 /* ViewController.swift */; };
		3ACF4F352523323F00C6CDE5 /* Main.storyboard in Resources */ = {isa = PBXBuildFile; fileRef = 3ACF4F332523323F00C6CDE5 /* Main.storyboard */; };
		3ACF4F372523324100C6CDE5 /* Assets.xcassets in Resources */ = {isa = PBXBuildFile; fileRef = 3ACF4F362523324100C6CDE5 /* Assets.xcassets */; };
		3ACF4F3A2523324100C6CDE5 /* LaunchScreen.storyboard in Resources */ = {isa = PBXBuildFile; fileRef = 3ACF4F382523324100C6CDE5 /* LaunchScreen.storyboard */; };
		3ACF4F432523348D00C6CDE5 /* SubmitButton.swift in Sources */ = {isa = PBXBuildFile; fileRef = 3ACF4F422523348D00C6CDE5 /* SubmitButton.swift */; };
		3ACF4F4E2523A31800C6CDE5 /* Satisfy-Regular.ttf in Resources */ = {isa = PBXBuildFile; fileRef = 3ACF4F4D2523A31800C6CDE5 /* Satisfy-Regular.ttf */; };
/* End PBXBuildFile section */

/* Begin PBXFileReference section */
		3ACF4F2A2523323F00C6CDE5 /* NewAnimation Test.app */ = {isa = PBXFileReference; explicitFileType = wrapper.application; includeInIndex = 0; path = "NewAnimation Test.app"; sourceTree = BUILT_PRODUCTS_DIR; };
		3ACF4F2D2523323F00C6CDE5 /* AppDelegate.swift */ = {isa = PBXFileReference; lastKnownFileType = sourcecode.swift; path = AppDelegate.swift; sourceTree = "<group>"; };
		3ACF4F2F2523323F00C6CDE5 /* SceneDelegate.swift */ = {isa = PBXFileReference; lastKnownFileType = sourcecode.swift; path = SceneDelegate.swift; sourceTree = "<group>"; };
		3ACF4F312523323F00C6CDE5 /* ViewController.swift */ = {isa = PBXFileReference; lastKnownFileType = sourcecode.swift; path = ViewController.swift; sourceTree = "<group>"; };
		3ACF4F342523323F00C6CDE5 /* Base */ = {isa = PBXFileReference; lastKnownFileType = file.storyboard; name = Base; path = Base.lproj/Main.storyboard; sourceTree = "<group>"; };
		3ACF4F362523324100C6CDE5 /* Assets.xcassets */ = {isa = PBXFileReference; lastKnownFileType = folder.assetcatalog; path = Assets.xcassets; sourceTree = "<group>"; };
		3ACF4F392523324100C6CDE5 /* Base */ = {isa = PBXFileReference; lastKnownFileType = file.storyboard; name = Base; path = Base.lproj/LaunchScreen.storyboard; sourceTree = "<group>"; };
		3ACF4F3B2523324100C6CDE5 /* Info.plist */ = {isa = PBXFileReference; lastKnownFileType = text.plist.xml; path = Info.plist; sourceTree = "<group>"; };
		3ACF4F422523348D00C6CDE5 /* SubmitButton.swift */ = {isa = PBXFileReference; lastKnownFileType = sourcecode.swift; path = SubmitButton.swift; sourceTree = "<group>"; };
		3ACF4F4D2523A31800C6CDE5 /* Satisfy-Regular.ttf */ = {isa = PBXFileReference; lastKnownFileType = file; path = "Satisfy-Regular.ttf"; sourceTree = "<group>"; };
/* End PBXFileReference section */

/* Begin PBXFrameworksBuildPhase section */
		3ACF4F272523323F00C6CDE5 /* Frameworks */ = {
			isa = PBXFrameworksBuildPhase;
			buildActionMask = 2147483647;
			files = (
			);
			runOnlyForDeploymentPostprocessing = 0;
		};
/* End PBXFrameworksBuildPhase section */

/* Begin PBXGroup section */
		3ACF4F212523323F00C6CDE5 = {
			isa = PBXGroup;
			children = (
				3ACF4F2C2523323F00C6CDE5 /* NewAnimation Test */,
				3ACF4F2B2523323F00C6CDE5 /* Products */,
			);
			sourceTree = "<group>";
		};
		3ACF4F2B2523323F00C6CDE5 /* Products */ = {
			isa = PBXGroup;
			children = (
				3ACF4F2A2523323F00C6CDE5 /* NewAnimation Test.app */,
			);
			name = Products;
			sourceTree = "<group>";
		};
		3ACF4F2C2523323F00C6CDE5 /* NewAnimation Test */ = {
			isa = PBXGroup;
			children = (
				3ACF4F4C2523A30800C6CDE5 /* font */,
				3ACF4F2D2523323F00C6CDE5 /* AppDelegate.swift */,
				3ACF4F2F2523323F00C6CDE5 /* SceneDelegate.swift */,
				3ACF4F312523323F00C6CDE5 /* ViewController.swift */,
				3ACF4F332523323F00C6CDE5 /* Main.storyboard */,
				3ACF4F362523324100C6CDE5 /* Assets.xcassets */,
				3ACF4F382523324100C6CDE5 /* LaunchScreen.storyboard */,
				3ACF4F3B2523324100C6CDE5 /* Info.plist */,
				3ACF4F422523348D00C6CDE5 /* SubmitButton.swift */,
			);
			path = "NewAnimation Test";
			sourceTree = "<group>";
		};
		3ACF4F4C2523A30800C6CDE5 /* font */ = {
			isa = PBXGroup;
			children = (
				3ACF4F4D2523A31800C6CDE5 /* Satisfy-Regular.ttf */,
			);
			path = font;
			sourceTree = "<group>";
		};
/* End PBXGroup section */

/* Begin PBXNativeTarget section */
		3ACF4F292523323F00C6CDE5 /* NewAnimation Test */ = {
			isa = PBXNativeTarget;
			buildConfigurationList = 3ACF4F3E2523324100C6CDE5 /* Build configuration list for PBXNativeTarget "NewAnimation Test" */;
			buildPhases = (
				3ACF4F262523323F00C6CDE5 /* Sources */,
				3ACF4F272523323F00C6CDE5 /* Frameworks */,
				3ACF4F282523323F00C6CDE5 /* Resources */,
			);
			buildRules = (
			);
			dependencies = (
			);
			name = "NewAnimation Test";
			productName = "NewAnimation Test";
			productReference = 3ACF4F2A2523323F00C6CDE5 /* NewAnimation Test.app */;
			productType = "com.apple.product-type.application";
		};
/* End PBXNativeTarget section */

/* Begin PBXProject section */
		3ACF4F222523323F00C6CDE5 /* Project object */ = {
			isa = PBXProject;
			attributes = {
				LastSwiftUpdateCheck = 1200;
				LastUpgradeCheck = 1200;
				TargetAttributes = {
					3ACF4F292523323F00C6CDE5 = {
						CreatedOnToolsVersion = 12.0;
					};
				};
			};
			buildConfigurationList = 3ACF4F252523323F00C6CDE5 /* Build configuration list for PBXProject "NewAnimation Test" */;
			compatibilityVersion = "Xcode 9.3";
			developmentRegion = en;
			hasScannedForEncodings = 0;
			knownRegions = (
				en,
				Base,
			);
			mainGroup = 3ACF4F212523323F00C6CDE5;
			productRefGroup = 3ACF4F2B2523323F00C6CDE5 /* Products */;
			projectDirPath = "";
			projectRoot = "";
			targets = (
				3ACF4F292523323F00C6CDE5 /* NewAnimation Test */,
			);
		};
/* End PBXProject section */

/* Begin PBXResourcesBuildPhase section */
		3ACF4F282523323F00C6CDE5 /* Resources */ = {
			isa = PBXResourcesBuildPhase;
			buildActionMask = 2147483647;
			files = (
				3ACF4F3A2523324100C6CDE5 /* LaunchScreen.storyboard in Resources */,
				3ACF4F4E2523A31800C6CDE5 /* Satisfy-Regular.ttf in Resources */,
				3ACF4F372523324100C6CDE5 /* Assets.xcassets in Resources */,
				3ACF4F352523323F00C6CDE5 /* Main.storyboard in Resources */,
			);
			runOnlyForDeploymentPostprocessing = 0;
		};
/* End PBXResourcesBuildPhase section */

/* Begin PBXSourcesBuildPhase section */
		3ACF4F262523323F00C6CDE5 /* Sources */ = {
			isa = PBXSourcesBuildPhase;
			buildActionMask = 2147483647;
			files = (
				3ACF4F322523323F00C6CDE5 /* ViewController.swift in Sources */,
				3ACF4F432523348D00C6CDE5 /* SubmitButton.swift in Sources */,
				3ACF4F2E2523323F00C6CDE5 /* AppDelegate.swift in Sources */,
				3ACF4F302523323F00C6CDE5 /* SceneDelegate.swift in Sources */,
			);
			runOnlyForDeploymentPostprocessing = 0;
		};
/* End PBXSourcesBuildPhase section */

/* Begin PBXVariantGroup section */
		3ACF4F332523323F00C6CDE5 /* Main.storyboard */ = {
			isa = PBXVariantGroup;
			children = (
				3ACF4F342523323F00C6CDE5 /* Base */,
			);
			name = Main.storyboard;
			sourceTree = "<group>";
		};
		3ACF4F382523324100C6CDE5 /* LaunchScreen.storyboard */ = {
			isa = PBXVariantGroup;
			children = (
				3ACF4F392523324100C6CDE5 /* Base */,
			);
			name = LaunchScreen.storyboard;
			sourceTree = "<group>";
		};
/* End PBXVariantGroup section */

/* Begin XCBuildConfiguration section */
		3ACF4F3C2523324100C6CDE5 /* Debug */ = {
			isa = XCBuildConfiguration;
			buildSettings = {
				ALWAYS_SEARCH_USER_PATHS = NO;
				CLANG_ANALYZER_NONNULL = YES;
				CLANG_ANALYZER_NUMBER_OBJECT_CONVERSION = YES_AGGRESSIVE;
				CLANG_CXX_LANGUAGE_STANDARD = "gnu++14";
				CLANG_CXX_LIBRARY = "libc++";
				CLANG_ENABLE_MODULES = YES;
				CLANG_ENABLE_OBJC_ARC = YES;
				CLANG_ENABLE_OBJC_WEAK = YES;
				CLANG_WARN_BLOCK_CAPTURE_AUTORELEASING = YES;
				CLANG_WARN_BOOL_CONVERSION = YES;
				CLANG_WARN_COMMA = YES;
				CLANG_WARN_CONSTANT_CONVERSION = YES;
				CLANG_WARN_DEPRECATED_OBJC_IMPLEMENTATIONS = YES;
				CLANG_WARN_DIRECT_OBJC_ISA_USAGE = YES_ERROR;
				CLANG_WARN_DOCUMENTATION_COMMENTS = YES;
				CLANG_WARN_EMPTY_BODY = YES;
				CLANG_WARN_ENUM_CONVERSION = YES;
				CLANG_WARN_INFINITE_RECURSION = YES;
				CLANG_WARN_INT_CONVERSION = YES;
				CLANG_WARN_NON_LITERAL_NULL_CONVERSION = YES;
				CLANG_WARN_OBJC_IMPLICIT_RETAIN_SELF = YES;
				CLANG_WARN_OBJC_LITERAL_CONVERSION = YES;
				CLANG_WARN_OBJC_ROOT_CLASS = YES_ERROR;
				CLANG_WARN_QUOTED_INCLUDE_IN_FRAMEWORK_HEADER = YES;
				CLANG_WARN_RANGE_LOOP_ANALYSIS = YES;
				CLANG_WARN_STRICT_PROTOTYPES = YES;
				CLANG_WARN_SUSPICIOUS_MOVE = YES;
				CLANG_WARN_UNGUARDED_AVAILABILITY = YES_AGGRESSIVE;
				CLANG_WARN_UNREACHABLE_CODE = YES;
				CLANG_WARN__DUPLICATE_METHOD_MATCH = YES;
				COPY_PHASE_STRIP = NO;
				DEBUG_INFORMATION_FORMAT = dwarf;
				ENABLE_STRICT_OBJC_MSGSEND = YES;
				ENABLE_TESTABILITY = YES;
				GCC_C_LANGUAGE_STANDARD = gnu11;
				GCC_DYNAMIC_NO_PIC = NO;
				GCC_NO_COMMON_BLOCKS = YES;
				GCC_OPTIMIZATION_LEVEL = 0;
				GCC_PREPROCESSOR_DEFINITIONS = (
					"DEBUG=1",
					"$(inherited)",
				);
				GCC_WARN_64_TO_32_BIT_CONVERSION = YES;
				GCC_WARN_ABOUT_RETURN_TYPE = YES_ERROR;
				GCC_WARN_UNDECLARED_SELECTOR = YES;
				GCC_WARN_UNINITIALIZED_AUTOS = YES_AGGRESSIVE;
				GCC_WARN_UNUSED_FUNCTION = YES;
				GCC_WARN_UNUSED_VARIABLE = YES;
				IPHONEOS_DEPLOYMENT_TARGET = 14.0;
				MTL_ENABLE_DEBUG_INFO = INCLUDE_SOURCE;
				MTL_FAST_MATH = YES;
				ONLY_ACTIVE_ARCH = YES;
				SDKROOT = iphoneos;
				SWIFT_ACTIVE_COMPILATION_CONDITIONS = DEBUG;
				SWIFT_OPTIMIZATION_LEVEL = "-Onone";
			};
			name = Debug;
		};
		3ACF4F3D2523324100C6CDE5 /* Release */ = {
			isa = XCBuildConfiguration;
			buildSettings = {
				ALWAYS_SEARCH_USER_PATHS = NO;
				CLANG_ANALYZER_NONNULL = YES;
				CLANG_ANALYZER_NUMBER_OBJECT_CONVERSION = YES_AGGRESSIVE;
				CLANG_CXX_LANGUAGE_STANDARD = "gnu++14";
				CLANG_CXX_LIBRARY = "libc++";
				CLANG_ENABLE_MODULES = YES;
				CLANG_ENABLE_OBJC_ARC = YES;
				CLANG_ENABLE_OBJC_WEAK = YES;
				CLANG_WARN_BLOCK_CAPTURE_AUTORELEASING = YES;
				CLANG_WARN_BOOL_CONVERSION = YES;
				CLANG_WARN_COMMA = YES;
				CLANG_WARN_CONSTANT_CONVERSION = YES;
				CLANG_WARN_DEPRECATED_OBJC_IMPLEMENTATIONS = YES;
				CLANG_WARN_DIRECT_OBJC_ISA_USAGE = YES_ERROR;
				CLANG_WARN_DOCUMENTATION_COMMENTS = YES;
				CLANG_WARN_EMPTY_BODY = YES;
				CLANG_WARN_ENUM_CONVERSION = YES;
				CLANG_WARN_INFINITE_RECURSION = YES;
				CLANG_WARN_INT_CONVERSION = YES;
				CLANG_WARN_NON_LITERAL_NULL_CONVERSION = YES;
				CLANG_WARN_OBJC_IMPLICIT_RETAIN_SELF = YES;
				CLANG_WARN_OBJC_LITERAL_CONVERSION = YES;
				CLANG_WARN_OBJC_ROOT_CLASS = YES_ERROR;
				CLANG_WARN_QUOTED_INCLUDE_IN_FRAMEWORK_HEADER = YES;
				CLANG_WARN_RANGE_LOOP_ANALYSIS = YES;
				CLANG_WARN_STRICT_PROTOTYPES = YES;
				CLANG_WARN_SUSPICIOUS_MOVE = YES;
				CLANG_WARN_UNGUARDED_AVAILABILITY = YES_AGGRESSIVE;
				CLANG_WARN_UNREACHABLE_CODE = YES;
				CLANG_WARN__DUPLICATE_METHOD_MATCH = YES;
				COPY_PHASE_STRIP = NO;
				DEBUG_INFORMATION_FORMAT = "dwarf-with-dsym";
				ENABLE_NS_ASSERTIONS = NO;
				ENABLE_STRICT_OBJC_MSGSEND = YES;
				GCC_C_LANGUAGE_STANDARD = gnu11;
				GCC_NO_COMMON_BLOCKS = YES;
				GCC_WARN_64_TO_32_BIT_CONVERSION = YES;
				GCC_WARN_ABOUT_RETURN_TYPE = YES_ERROR;
				GCC_WARN_UNDECLARED_SELECTOR = YES;
				GCC_WARN_UNINITIALIZED_AUTOS = YES_AGGRESSIVE;
				GCC_WARN_UNUSED_FUNCTION = YES;
				GCC_WARN_UNUSED_VARIABLE = YES;
				IPHONEOS_DEPLOYMENT_TARGET = 14.0;
				MTL_ENABLE_DEBUG_INFO = NO;
				MTL_FAST_MATH = YES;
				SDKROOT = iphoneos;
				SWIFT_COMPILATION_MODE = wholemodule;
				SWIFT_OPTIMIZATION_LEVEL = "-O";
				VALIDATE_PRODUCT = YES;
			};
			name = Release;
		};
		3ACF4F3F2523324100C6CDE5 /* Debug */ = {
			isa = XCBuildConfiguration;
			buildSettings = {
				ASSETCATALOG_COMPILER_APPICON_NAME = AppIcon;
				ASSETCATALOG_COMPILER_GLOBAL_ACCENT_COLOR_NAME = AccentColor;
				CODE_SIGN_STYLE = Automatic;
				INFOPLIST_FILE = "NewAnimation Test/Info.plist";
				LD_RUNPATH_SEARCH_PATHS = (
					"$(inherited)",
					"@executable_path/Frameworks",
				);
				PRODUCT_BUNDLE_IDENTIFIER = "thobiojoseph.NewAnimation-Test";
				PRODUCT_NAME = "$(TARGET_NAME)";
				SWIFT_VERSION = 5.0;
				TARGETED_DEVICE_FAMILY = "1,2";
			};
			name = Debug;
		};
		3ACF4F402523324100C6CDE5 /* Release */ = {
			isa = XCBuildConfiguration;
			buildSettings = {
				ASSETCATALOG_COMPILER_APPICON_NAME = AppIcon;
				ASSETCATALOG_COMPILER_GLOBAL_ACCENT_COLOR_NAME = AccentColor;
				CODE_SIGN_STYLE = Automatic;
				INFOPLIST_FILE = "NewAnimation Test/Info.plist";
				LD_RUNPATH_SEARCH_PATHS = (
					"$(inherited)",
					"@executable_path/Frameworks",
				);
				PRODUCT_BUNDLE_IDENTIFIER = "thobiojoseph.NewAnimation-Test";
				PRODUCT_NAME = "$(TARGET_NAME)";
				SWIFT_VERSION = 5.0;
				TARGETED_DEVICE_FAMILY = "1,2";
			};
			name = Release;
		};
/* End XCBuildConfiguration section */

/* Begin XCConfigurationList section */
		3ACF4F252523323F00C6CDE5 /* Build configuration list for PBXProject "NewAnimation Test" */ = {
			isa = XCConfigurationList;
			buildConfigurations = (
				3ACF4F3C2523324100C6CDE5 /* Debug */,
				3ACF4F3D2523324100C6CDE5 /* Release */,
			);
			defaultConfigurationIsVisible = 0;
			defaultConfigurationName = Release;
		};
		3ACF4F3E2523324100C6CDE5 /* Build configuration list for PBXNativeTarget "NewAnimation Test" */ = {
			isa = XCConfigurationList;
			buildConfigurations = (
				3ACF4F3F2523324100C6CDE5 /* Debug */,
				3ACF4F402523324100C6CDE5 /* Release */,
			);
			defaultConfigurationIsVisible = 0;
			defaultConfigurationName = Release;
		};
/* End XCConfigurationList section */
	};
	rootObject = 3ACF4F222523323F00C6CDE5 /* Project object */;
}
